# THIS IS AN AUTOGENERATED FILE. DO NOT EDIT THIS FILE DIRECTLY.
# yarn lockfile v1


"@aws-amplify/analytics@^1.0.7":
  version "1.0.7"
  resolved "https://registry.yarnpkg.com/@aws-amplify/analytics/-/analytics-1.0.7.tgz#5b609ba16239cd89f21990d699e74a5548d13609"
  dependencies:
    "@aws-amplify/cache" "^1.0.7"
    "@aws-amplify/core" "^1.0.7"
    aws-sdk "2.198.0"
    uuid "^3.2.1"

"@aws-amplify/api@^1.0.8":
  version "1.0.8"
  resolved "https://registry.yarnpkg.com/@aws-amplify/api/-/api-1.0.8.tgz#08e79d77810d515f79c506560f6e7d0781c37022"
  dependencies:
    "@aws-amplify/auth" "^1.0.8"
    "@aws-amplify/cache" "^1.0.7"
    "@aws-amplify/core" "^1.0.7"
    "@types/zen-observable" "^0.5.3"
    axios "^0.17.0"
    graphql "0.13.0"
    zen-observable "^0.8.6"

"@aws-amplify/auth@^1.0.8":
  version "1.0.8"
  resolved "https://registry.yarnpkg.com/@aws-amplify/auth/-/auth-1.0.8.tgz#d4e581ef560097e6686c6815b6b7c819c2b14a65"
  dependencies:
    "@aws-amplify/cache" "^1.0.7"
    "@aws-amplify/core" "^1.0.7"
    amazon-cognito-auth-js "^1.1.9"
    amazon-cognito-identity-js "^2.0.23"

"@aws-amplify/cache@^1.0.7":
  version "1.0.7"
  resolved "https://registry.yarnpkg.com/@aws-amplify/cache/-/cache-1.0.7.tgz#d70be9ec6314268f601b9c74604d55fb3fbe1a00"
  dependencies:
    "@aws-amplify/core" "^1.0.7"

"@aws-amplify/core@^1.0.7":
  version "1.0.7"
  resolved "https://registry.yarnpkg.com/@aws-amplify/core/-/core-1.0.7.tgz#b30e9871e18b46110d07c0accd29d9156cb369ac"
  dependencies:
    aws-sdk "2.198.0"
    url "^0.11.0"

"@aws-amplify/interactions@^1.0.7":
  version "1.0.7"
  resolved "https://registry.yarnpkg.com/@aws-amplify/interactions/-/interactions-1.0.7.tgz#8e5cde3fd8b58a0801518a059f243b505508deed"
  dependencies:
    "@aws-amplify/core" "^1.0.7"
    aws-sdk "2.198.0"

"@aws-amplify/pubsub@^1.0.7":
  version "1.0.7"
  resolved "https://registry.yarnpkg.com/@aws-amplify/pubsub/-/pubsub-1.0.7.tgz#d39c534649cebc8dca6a138335577d3a891964be"
  dependencies:
    "@aws-amplify/core" "^1.0.7"
    "@types/paho-mqtt" "^1.0.3"
    "@types/zen-observable" "^0.5.3"
    paho-mqtt "^1.0.4"
    uuid "^3.2.1"
    zen-observable "^0.8.6"

"@aws-amplify/storage@^1.0.7":
  version "1.0.7"
  resolved "https://registry.yarnpkg.com/@aws-amplify/storage/-/storage-1.0.7.tgz#833cb6639f612e4f297ed61c42a16b67194ee2b9"
  dependencies:
    "@aws-amplify/core" "^1.0.7"
    aws-sdk "2.198.0"

"@babel/runtime@7.0.0", "@babel/runtime@^7.0.0":
  version "7.0.0"
  resolved "https://registry.yarnpkg.com/@babel/runtime/-/runtime-7.0.0.tgz#adeb78fedfc855aa05bc041640f3f6f98e85424c"
  dependencies:
    regenerator-runtime "^0.12.0"

"@babel/runtime@7.0.0-rc.1":
  version "7.0.0-rc.1"
  resolved "https://registry.yarnpkg.com/@babel/runtime/-/runtime-7.0.0-rc.1.tgz#42f36fc5817911c89ea75da2b874054922967616"
  dependencies:
    regenerator-runtime "^0.12.0"

"@material-ui/core@^3.0.1":
  version "3.0.1"
  resolved "https://registry.yarnpkg.com/@material-ui/core/-/core-3.0.1.tgz#e8476394a42d89ae404355ddbc093db4d044b225"
  dependencies:
    "@babel/runtime" "7.0.0"
    "@types/jss" "^9.5.3"
    "@types/react-transition-group" "^2.0.8"
    brcast "^3.0.1"
    classnames "^2.2.5"
    csstype "^2.5.2"
    debounce "^1.1.0"
    deepmerge "^2.0.1"
    dom-helpers "^3.2.1"
    hoist-non-react-statics "^2.5.0"
    is-plain-object "^2.0.4"
    jss "^9.3.3"
    jss-camel-case "^6.0.0"
    jss-default-unit "^8.0.2"
    jss-global "^3.0.0"
    jss-nested "^6.0.1"
    jss-props-sort "^6.0.0"
    jss-vendor-prefixer "^7.0.0"
    keycode "^2.1.9"
    normalize-scroll-left "^0.1.2"
    popper.js "^1.14.1"
    prop-types "^15.6.0"
    react-event-listener "^0.6.2"
    react-jss "^8.1.0"
    react-transition-group "^2.2.1"
    recompose "^0.29.0"
    warning "^4.0.1"

"@types/jss@^9.5.3":
  version "9.5.5"
  resolved "https://registry.yarnpkg.com/@types/jss/-/jss-9.5.5.tgz#57ed99ae768c203677cd64e0ce0df02c74075bf8"
  dependencies:
    csstype "^2.0.0"
    indefinite-observable "^1.0.1"

"@types/paho-mqtt@^1.0.3":
  version "1.0.3"
  resolved "https://registry.yarnpkg.com/@types/paho-mqtt/-/paho-mqtt-1.0.3.tgz#2eda0886584e1e69551f5203934878c326fe3566"

"@types/prop-types@*":
  version "15.5.5"
  resolved "https://registry.yarnpkg.com/@types/prop-types/-/prop-types-15.5.5.tgz#17038dd322c2325f5da650a94d5f9974943625e3"
  dependencies:
    "@types/react" "*"

"@types/react-transition-group@^2.0.8":
  version "2.0.13"
  resolved "https://registry.yarnpkg.com/@types/react-transition-group/-/react-transition-group-2.0.13.tgz#7769fb61eb71d64d087a713956f086a42c3ee171"
  dependencies:
    "@types/react" "*"

"@types/react@*":
  version "16.4.13"
  resolved "https://registry.yarnpkg.com/@types/react/-/react-16.4.13.tgz#1385f5dc3486aa493849a32ccce626a817543e28"
  dependencies:
    "@types/prop-types" "*"
    csstype "^2.2.0"

"@types/zen-observable@^0.5.3":
  version "0.5.4"
  resolved "https://registry.yarnpkg.com/@types/zen-observable/-/zen-observable-0.5.4.tgz#b863a4191e525206819e008097ebf0fb2e3a1cdc"

amazon-cognito-auth-js@^1.1.9:
  version "1.2.4"
  resolved "https://registry.yarnpkg.com/amazon-cognito-auth-js/-/amazon-cognito-auth-js-1.2.4.tgz#40d82f0ed389905fd0751693ba46a5386ac6864a"
  dependencies:
    js-cookie "^2.1.4"

amazon-cognito-identity-js@^2.0.23:
  version "2.0.23"
  resolved "https://registry.yarnpkg.com/amazon-cognito-identity-js/-/amazon-cognito-identity-js-2.0.23.tgz#46cf1565754f45fc15a4f6ffb93e900df335b424"
  dependencies:
    buffer "4.9.1"
    crypto-browserify "1.0.9"
    js-cookie "^2.1.4"

asap@~2.0.3:
  version "2.0.6"
  resolved "https://registry.yarnpkg.com/asap/-/asap-2.0.6.tgz#e50347611d7e690943208bbdafebcbc2fb866d46"

aws-amplify@^1.0.8:
  version "1.0.8"
  resolved "https://registry.yarnpkg.com/aws-amplify/-/aws-amplify-1.0.8.tgz#6fda1a88851fb5462031e61853458b9ca9bb0099"
  dependencies:
    "@aws-amplify/analytics" "^1.0.7"
    "@aws-amplify/api" "^1.0.8"
    "@aws-amplify/auth" "^1.0.8"
    "@aws-amplify/cache" "^1.0.7"
    "@aws-amplify/core" "^1.0.7"
    "@aws-amplify/interactions" "^1.0.7"
    "@aws-amplify/pubsub" "^1.0.7"
    "@aws-amplify/storage" "^1.0.7"

aws-sdk@2.198.0:
  version "2.198.0"
  resolved "http://registry.npmjs.org/aws-sdk/-/aws-sdk-2.198.0.tgz#2245311337ddc844cc34c13f3fcf3b7ea843f434"
  dependencies:
    buffer "4.9.1"
    events "^1.1.1"
    jmespath "0.15.0"
    querystring "0.2.0"
    sax "1.2.1"
    url "0.10.3"
    uuid "3.1.0"
    xml2js "0.4.17"
    xmlbuilder "4.2.1"

axios@^0.17.0:
  version "0.17.1"
  resolved "https://registry.yarnpkg.com/axios/-/axios-0.17.1.tgz#2d8e3e5d0bdbd7327f91bc814f5c57660f81824d"
  dependencies:
    follow-redirects "^1.2.5"
    is-buffer "^1.1.5"

base64-js@^1.0.2:
  version "1.3.0"
  resolved "https://registry.yarnpkg.com/base64-js/-/base64-js-1.3.0.tgz#cab1e6118f051095e58b5281aea8c1cd22bfc0e3"

brcast@^3.0.1:
  version "3.0.1"
  resolved "https://registry.yarnpkg.com/brcast/-/brcast-3.0.1.tgz#6256a8349b20de9eed44257a9b24d71493cd48dd"

buffer@4.9.1:
  version "4.9.1"
  resolved "https://registry.yarnpkg.com/buffer/-/buffer-4.9.1.tgz#6d1bb601b07a4efced97094132093027c95bc298"
  dependencies:
    base64-js "^1.0.2"
    ieee754 "^1.1.4"
    isarray "^1.0.0"

change-emitter@^0.1.2:
  version "0.1.6"
  resolved "https://registry.yarnpkg.com/change-emitter/-/change-emitter-0.1.6.tgz#e8b2fe3d7f1ab7d69a32199aff91ea6931409515"

classnames@^2.2.5:
  version "2.2.6"
  resolved "https://registry.yarnpkg.com/classnames/-/classnames-2.2.6.tgz#43935bffdd291f326dad0a205309b38d00f650ce"

core-js@^1.0.0:
  version "1.2.7"
  resolved "https://registry.yarnpkg.com/core-js/-/core-js-1.2.7.tgz#652294c14651db28fa93bd2d5ff2983a4f08c636"

crypto-browserify@1.0.9:
  version "1.0.9"
  resolved "https://registry.yarnpkg.com/crypto-browserify/-/crypto-browserify-1.0.9.tgz#cc5449685dfb85eb11c9828acc7cb87ab5bbfcc0"

css-vendor@^0.3.8:
  version "0.3.8"
  resolved "https://registry.yarnpkg.com/css-vendor/-/css-vendor-0.3.8.tgz#6421cfd3034ce664fe7673972fd0119fc28941fa"
  dependencies:
    is-in-browser "^1.0.2"

csstype@^2.0.0, csstype@^2.2.0, csstype@^2.5.2:
  version "2.5.6"
  resolved "https://registry.yarnpkg.com/csstype/-/csstype-2.5.6.tgz#2ae1db2319642d8b80a668d2d025c6196071e788"

debounce@^1.1.0:
  version "1.2.0"
  resolved "https://registry.yarnpkg.com/debounce/-/debounce-1.2.0.tgz#44a540abc0ea9943018dc0eaa95cce87f65cd131"

debug@^3.1.0:
  version "3.1.0"
  resolved "https://registry.yarnpkg.com/debug/-/debug-3.1.0.tgz#5bb5a0672628b64149566ba16819e61518c67261"
  dependencies:
    ms "2.0.0"

deepmerge@^2.0.1:
  version "2.1.1"
  resolved "https://registry.yarnpkg.com/deepmerge/-/deepmerge-2.1.1.tgz#e862b4e45ea0555072bf51e7fd0d9845170ae768"

dom-helpers@^3.2.1, dom-helpers@^3.3.1:
  version "3.3.1"
  resolved "https://registry.yarnpkg.com/dom-helpers/-/dom-helpers-3.3.1.tgz#fc1a4e15ffdf60ddde03a480a9c0fece821dd4a6"

encoding@^0.1.11:
  version "0.1.12"
  resolved "https://registry.yarnpkg.com/encoding/-/encoding-0.1.12.tgz#538b66f3ee62cd1ab51ec323829d1f9480c74beb"
  dependencies:
    iconv-lite "~0.4.13"

events@^1.1.1:
  version "1.1.1"
  resolved "https://registry.yarnpkg.com/events/-/events-1.1.1.tgz#9ebdb7635ad099c70dcc4c2a1f5004288e8bd924"

fbjs@^0.8.1:
  version "0.8.17"
  resolved "https://registry.yarnpkg.com/fbjs/-/fbjs-0.8.17.tgz#c4d598ead6949112653d6588b01a5cdcd9f90fdd"
  dependencies:
    core-js "^1.0.0"
    isomorphic-fetch "^2.1.1"
    loose-envify "^1.0.0"
    object-assign "^4.1.0"
    promise "^7.1.1"
    setimmediate "^1.0.5"
    ua-parser-js "^0.7.18"

follow-redirects@^1.2.5:
  version "1.5.7"
  resolved "https://registry.yarnpkg.com/follow-redirects/-/follow-redirects-1.5.7.tgz#a39e4804dacb90202bca76a9e2ac10433ca6a69a"
  dependencies:
    debug "^3.1.0"

graphql@0.13.0:
  version "0.13.0"
  resolved "https://registry.yarnpkg.com/graphql/-/graphql-0.13.0.tgz#d1b44a282279a9ce0a6ec1037329332f4c1079b6"
  dependencies:
    iterall "1.1.x"

hoist-non-react-statics@^2.3.1, hoist-non-react-statics@^2.5.0:
  version "2.5.5"
  resolved "https://registry.yarnpkg.com/hoist-non-react-statics/-/hoist-non-react-statics-2.5.5.tgz#c5903cf409c0dfd908f388e619d86b9c1174cb47"

hyphenate-style-name@^1.0.2:
  version "1.0.2"
  resolved "https://registry.yarnpkg.com/hyphenate-style-name/-/hyphenate-style-name-1.0.2.tgz#31160a36930adaf1fc04c6074f7eb41465d4ec4b"

iconv-lite@~0.4.13:
  version "0.4.24"
  resolved "https://registry.yarnpkg.com/iconv-lite/-/iconv-lite-0.4.24.tgz#2022b4b25fbddc21d2f524974a474aafe733908b"
  dependencies:
    safer-buffer ">= 2.1.2 < 3"

ieee754@^1.1.4:
  version "1.1.12"
  resolved "https://registry.yarnpkg.com/ieee754/-/ieee754-1.1.12.tgz#50bf24e5b9c8bb98af4964c941cdb0918da7b60b"

indefinite-observable@^1.0.1:
  version "1.0.1"
  resolved "https://registry.yarnpkg.com/indefinite-observable/-/indefinite-observable-1.0.1.tgz#09915423cc8d6f7eb1cb7882ad134633c9a6edc3"
  dependencies:
    symbol-observable "1.0.4"

is-buffer@^1.1.5:
  version "1.1.6"
  resolved "https://registry.yarnpkg.com/is-buffer/-/is-buffer-1.1.6.tgz#efaa2ea9daa0d7ab2ea13a97b2b8ad51fefbe8be"

is-function@^1.0.1:
  version "1.0.1"
  resolved "https://registry.yarnpkg.com/is-function/-/is-function-1.0.1.tgz#12cfb98b65b57dd3d193a3121f5f6e2f437602b5"

is-in-browser@^1.0.2, is-in-browser@^1.1.3:
  version "1.1.3"
  resolved "https://registry.yarnpkg.com/is-in-browser/-/is-in-browser-1.1.3.tgz#56ff4db683a078c6082eb95dad7dc62e1d04f835"

is-plain-object@^2.0.1, is-plain-object@^2.0.4:
  version "2.0.4"
  resolved "https://registry.yarnpkg.com/is-plain-object/-/is-plain-object-2.0.4.tgz#2c163b3fafb1b606d9d17928f05c2a1c38e07677"
  dependencies:
    isobject "^3.0.1"

is-stream@^1.0.1:
  version "1.1.0"
  resolved "https://registry.yarnpkg.com/is-stream/-/is-stream-1.1.0.tgz#12d4a3dd4e68e0b79ceb8dbc84173ae80d91ca44"

isarray@^1.0.0:
  version "1.0.0"
  resolved "https://registry.yarnpkg.com/isarray/-/isarray-1.0.0.tgz#bb935d48582cba168c06834957a54a3e07124f11"

isobject@^3.0.1:
  version "3.0.1"
  resolved "https://registry.yarnpkg.com/isobject/-/isobject-3.0.1.tgz#4e431e92b11a9731636aa1f9c8d1ccbcfdab78df"

isomorphic-fetch@^2.1.1:
  version "2.2.1"
  resolved "https://registry.yarnpkg.com/isomorphic-fetch/-/isomorphic-fetch-2.2.1.tgz#611ae1acf14f5e81f729507472819fe9733558a9"
  dependencies:
    node-fetch "^1.0.1"
    whatwg-fetch ">=0.10.0"

iterall@1.1.x:
  version "1.1.4"
  resolved "https://registry.yarnpkg.com/iterall/-/iterall-1.1.4.tgz#0db40d38fdcf53ae14dc8ec674e62ab190d52cfc"

jmespath@0.15.0:
  version "0.15.0"
  resolved "https://registry.yarnpkg.com/jmespath/-/jmespath-0.15.0.tgz#a3f222a9aae9f966f5d27c796510e28091764217"

js-cookie@^2.1.4:
  version "2.2.0"
  resolved "https://registry.yarnpkg.com/js-cookie/-/js-cookie-2.2.0.tgz#1b2c279a6eece380a12168b92485265b35b1effb"

"js-tokens@^3.0.0 || ^4.0.0":
  version "4.0.0"
  resolved "https://registry.yarnpkg.com/js-tokens/-/js-tokens-4.0.0.tgz#19203fb59991df98e3a287050d4647cdeaf32499"

jss-camel-case@^6.0.0, jss-camel-case@^6.1.0:
  version "6.1.0"
  resolved "https://registry.yarnpkg.com/jss-camel-case/-/jss-camel-case-6.1.0.tgz#ccb1ff8d6c701c02a1fed6fb6fb6b7896e11ce44"
  dependencies:
    hyphenate-style-name "^1.0.2"

jss-compose@^5.0.0:
  version "5.0.0"
  resolved "https://registry.yarnpkg.com/jss-compose/-/jss-compose-5.0.0.tgz#ce01b2e4521d65c37ea42cf49116e5f7ab596484"
  dependencies:
    warning "^3.0.0"

jss-default-unit@^8.0.2:
  version "8.0.2"
  resolved "https://registry.yarnpkg.com/jss-default-unit/-/jss-default-unit-8.0.2.tgz#cc1e889bae4c0b9419327b314ab1c8e2826890e6"

jss-expand@^5.3.0:
  version "5.3.0"
  resolved "https://registry.yarnpkg.com/jss-expand/-/jss-expand-5.3.0.tgz#02be076efe650125c842f5bb6fb68786fe441ed6"

jss-extend@^6.2.0:
  version "6.2.0"
  resolved "https://registry.yarnpkg.com/jss-extend/-/jss-extend-6.2.0.tgz#4af09d0b72fb98ee229970f8ca852fec1ca2a8dc"
  dependencies:
    warning "^3.0.0"

jss-global@^3.0.0:
  version "3.0.0"
  resolved "https://registry.yarnpkg.com/jss-global/-/jss-global-3.0.0.tgz#e19e5c91ab2b96353c227e30aa2cbd938cdaafa2"

jss-nested@^6.0.1:
  version "6.0.1"
  resolved "https://registry.yarnpkg.com/jss-nested/-/jss-nested-6.0.1.tgz#ef992b79d6e8f63d939c4397b9d99b5cbbe824ca"
  dependencies:
    warning "^3.0.0"

jss-preset-default@^4.3.0:
  version "4.5.0"
  resolved "https://registry.yarnpkg.com/jss-preset-default/-/jss-preset-default-4.5.0.tgz#d3a457012ccd7a551312014e394c23c4b301cadd"
  dependencies:
    jss-camel-case "^6.1.0"
    jss-compose "^5.0.0"
    jss-default-unit "^8.0.2"
    jss-expand "^5.3.0"
    jss-extend "^6.2.0"
    jss-global "^3.0.0"
    jss-nested "^6.0.1"
    jss-props-sort "^6.0.0"
    jss-template "^1.0.1"
    jss-vendor-prefixer "^7.0.0"

jss-props-sort@^6.0.0:
  version "6.0.0"
  resolved "https://registry.yarnpkg.com/jss-props-sort/-/jss-props-sort-6.0.0.tgz#9105101a3b5071fab61e2d85ea74cc22e9b16323"

jss-template@^1.0.1:
  version "1.0.1"
  resolved "https://registry.yarnpkg.com/jss-template/-/jss-template-1.0.1.tgz#09aed9d86cc547b07f53ef355d7e1777f7da430a"
  dependencies:
    warning "^3.0.0"

jss-vendor-prefixer@^7.0.0:
  version "7.0.0"
  resolved "https://registry.yarnpkg.com/jss-vendor-prefixer/-/jss-vendor-prefixer-7.0.0.tgz#0166729650015ef19d9f02437c73667231605c71"
  dependencies:
    css-vendor "^0.3.8"

jss@^9.3.3, jss@^9.7.0:
  version "9.8.7"
  resolved "https://registry.yarnpkg.com/jss/-/jss-9.8.7.tgz#ed9763fc0f2f0260fc8260dac657af61e622ce05"
  dependencies:
    is-in-browser "^1.1.3"
    symbol-observable "^1.1.0"
    warning "^3.0.0"

keycode@^2.1.9:
  version "2.2.0"
  resolved "https://registry.yarnpkg.com/keycode/-/keycode-2.2.0.tgz#3d0af56dc7b8b8e5cba8d0a97f107204eec22b04"

lodash@^4.0.0:
  version "4.17.10"
  resolved "https://registry.yarnpkg.com/lodash/-/lodash-4.17.10.tgz#1b7793cf7259ea38fb3661d4d38b3260af8ae4e7"

loose-envify@^1.0.0, loose-envify@^1.3.1:
  version "1.4.0"
  resolved "https://registry.yarnpkg.com/loose-envify/-/loose-envify-1.4.0.tgz#71ee51fa7be4caec1a63839f7e682d8132d30caf"
  dependencies:
    js-tokens "^3.0.0 || ^4.0.0"

ms@2.0.0:
  version "2.0.0"
  resolved "https://registry.yarnpkg.com/ms/-/ms-2.0.0.tgz#5608aeadfc00be6c2901df5f9861788de0d597c8"

node-fetch@^1.0.1:
  version "1.7.3"
  resolved "https://registry.yarnpkg.com/node-fetch/-/node-fetch-1.7.3.tgz#980f6f72d85211a5347c6b2bc18c5b84c3eb47ef"
  dependencies:
    encoding "^0.1.11"
    is-stream "^1.0.1"

normalize-scroll-left@^0.1.2:
  version "0.1.2"
  resolved "https://registry.yarnpkg.com/normalize-scroll-left/-/normalize-scroll-left-0.1.2.tgz#6b79691ba79eb5fb107fa5edfbdc06b55caee2aa"

object-assign@^4.1.0, object-assign@^4.1.1:
  version "4.1.1"
  resolved "https://registry.yarnpkg.com/object-assign/-/object-assign-4.1.1.tgz#2109adc7965887cfc05cbbd442cac8bfbb360863"

paho-mqtt@^1.0.4:
  version "1.0.4"
  resolved "https://registry.yarnpkg.com/paho-mqtt/-/paho-mqtt-1.0.4.tgz#279822dd8ea00a961bf141f03d09c9f4339ebb79"

popper.js@^1.14.1:
  version "1.14.4"
  resolved "https://registry.yarnpkg.com/popper.js/-/popper.js-1.14.4.tgz#8eec1d8ff02a5a3a152dd43414a15c7b79fd69b6"

promise@^7.1.1:
  version "7.3.1"
  resolved "https://registry.yarnpkg.com/promise/-/promise-7.3.1.tgz#064b72602b18f90f29192b8b1bc418ffd1ebd3bf"
  dependencies:
    asap "~2.0.3"

prop-types@^15.5.8, prop-types@^15.6.0, prop-types@^15.6.2:
  version "15.6.2"
  resolved "https://registry.yarnpkg.com/prop-types/-/prop-types-15.6.2.tgz#05d5ca77b4453e985d60fc7ff8c859094a497102"
  dependencies:
    loose-envify "^1.3.1"
    object-assign "^4.1.1"

punycode@1.3.2:
  version "1.3.2"
  resolved "https://registry.yarnpkg.com/punycode/-/punycode-1.3.2.tgz#9653a036fb7c1ee42342f2325cceefea3926c48d"

querystring@0.2.0:
  version "0.2.0"
  resolved "https://registry.yarnpkg.com/querystring/-/querystring-0.2.0.tgz#b209849203bb25df820da756e747005878521620"

react-event-listener@^0.6.2:
  version "0.6.3"
  resolved "https://registry.yarnpkg.com/react-event-listener/-/react-event-listener-0.6.3.tgz#8eab88129a76e095ed8aa684c29679eded1e843d"
  dependencies:
    "@babel/runtime" "7.0.0-rc.1"
    prop-types "^15.6.0"
    warning "^4.0.1"

react-jss@^8.1.0:
  version "8.6.1"
  resolved "https://registry.yarnpkg.com/react-jss/-/react-jss-8.6.1.tgz#a06e2e1d2c4d91b4d11befda865e6c07fbd75252"
  dependencies:
    hoist-non-react-statics "^2.5.0"
    jss "^9.7.0"
    jss-preset-default "^4.3.0"
    prop-types "^15.6.0"
    theming "^1.3.0"

react-lifecycles-compat@^3.0.2, react-lifecycles-compat@^3.0.4:
  version "3.0.4"
  resolved "https://registry.yarnpkg.com/react-lifecycles-compat/-/react-lifecycles-compat-3.0.4.tgz#4f1a273afdfc8f3488a8c516bfda78f872352362"

react-transition-group@^2.2.1:
  version "2.4.0"
  resolved "https://registry.yarnpkg.com/react-transition-group/-/react-transition-group-2.4.0.tgz#1d9391fabfd82e016f26fabd1eec329dbd922b5a"
  dependencies:
    dom-helpers "^3.3.1"
    loose-envify "^1.3.1"
    prop-types "^15.6.2"
    react-lifecycles-compat "^3.0.4"

recompose@^0.29.0:
  version "0.29.0"
  resolved "https://registry.yarnpkg.com/recompose/-/recompose-0.29.0.tgz#f1a4e20d5f24d6ef1440f83924e821de0b1bccef"
  dependencies:
    "@babel/runtime" "^7.0.0"
    change-emitter "^0.1.2"
    fbjs "^0.8.1"
    hoist-non-react-statics "^2.3.1"
    react-lifecycles-compat "^3.0.2"
    symbol-observable "^1.0.4"

regenerator-runtime@^0.12.0:
  version "0.12.1"
  resolved "https://registry.yarnpkg.com/regenerator-runtime/-/regenerator-runtime-0.12.1.tgz#fa1a71544764c036f8c49b13a08b2594c9f8a0de"

"safer-buffer@>= 2.1.2 < 3":
  version "2.1.2"
  resolved "https://registry.yarnpkg.com/safer-buffer/-/safer-buffer-2.1.2.tgz#44fa161b0187b9549dd84bb91802f9bd8385cd6a"

sax@1.2.1:
  version "1.2.1"
  resolved "https://registry.yarnpkg.com/sax/-/sax-1.2.1.tgz#7b8e656190b228e81a66aea748480d828cd2d37a"

sax@>=0.6.0:
  version "1.2.4"
  resolved "https://registry.yarnpkg.com/sax/-/sax-1.2.4.tgz#2816234e2378bddc4e5354fab5caa895df7100d9"

setimmediate@^1.0.5:
  version "1.0.5"
  resolved "https://registry.yarnpkg.com/setimmediate/-/setimmediate-1.0.5.tgz#290cbb232e306942d7d7ea9b83732ab7856f8285"

symbol-observable@1.0.4:
  version "1.0.4"
  resolved "https://registry.yarnpkg.com/symbol-observable/-/symbol-observable-1.0.4.tgz#29bf615d4aa7121bdd898b22d4b3f9bc4e2aa03d"

symbol-observable@^1.0.4, symbol-observable@^1.1.0:
  version "1.2.0"
  resolved "https://registry.yarnpkg.com/symbol-observable/-/symbol-observable-1.2.0.tgz#c22688aed4eab3cdc2dfeacbb561660560a00804"

theming@^1.3.0:
  version "1.3.0"
  resolved "https://registry.yarnpkg.com/theming/-/theming-1.3.0.tgz#286d5bae80be890d0adc645e5ca0498723725bdc"
  dependencies:
    brcast "^3.0.1"
    is-function "^1.0.1"
    is-plain-object "^2.0.1"
    prop-types "^15.5.8"

ua-parser-js@^0.7.18:
  version "0.7.18"
  resolved "https://registry.yarnpkg.com/ua-parser-js/-/ua-parser-js-0.7.18.tgz#a7bfd92f56edfb117083b69e31d2aa8882d4b1ed"

url@0.10.3:
  version "0.10.3"
  resolved "https://registry.yarnpkg.com/url/-/url-0.10.3.tgz#021e4d9c7705f21bbf37d03ceb58767402774c64"
  dependencies:
    punycode "1.3.2"
    querystring "0.2.0"

url@^0.11.0:
  version "0.11.0"
  resolved "https://registry.yarnpkg.com/url/-/url-0.11.0.tgz#3838e97cfc60521eb73c525a8e55bfdd9e2e28f1"
  dependencies:
    punycode "1.3.2"
    querystring "0.2.0"

uuid@3.1.0:
  version "3.1.0"
  resolved "https://registry.yarnpkg.com/uuid/-/uuid-3.1.0.tgz#3dd3d3e790abc24d7b0d3a034ffababe28ebbc04"

uuid@^3.2.1, uuid@^3.3.2:
  version "3.3.2"
  resolved "https://registry.yarnpkg.com/uuid/-/uuid-3.3.2.tgz#1b4af4955eb3077c501c23872fc6513811587131"

warning@^3.0.0:
  version "3.0.0"
  resolved "https://registry.yarnpkg.com/warning/-/warning-3.0.0.tgz#32e5377cb572de4ab04753bdf8821c01ed605b7c"
  dependencies:
    loose-envify "^1.0.0"

warning@^4.0.1:
  version "4.0.2"
  resolved "https://registry.yarnpkg.com/warning/-/warning-4.0.2.tgz#aa6876480872116fa3e11d434b0d0d8d91e44607"
  dependencies:
    loose-envify "^1.0.0"

whatwg-fetch@>=0.10.0:
  version "2.0.4"
  resolved "https://registry.yarnpkg.com/whatwg-fetch/-/whatwg-fetch-2.0.4.tgz#dde6a5df315f9d39991aa17621853d720b85566f"

xml2js@0.4.17:
  version "0.4.17"
  resolved "https://registry.yarnpkg.com/xml2js/-/xml2js-0.4.17.tgz#17be93eaae3f3b779359c795b419705a8817e868"
  dependencies:
    sax ">=0.6.0"
    xmlbuilder "^4.1.0"

xmlbuilder@4.2.1, xmlbuilder@^4.1.0:
  version "4.2.1"
  resolved "https://registry.yarnpkg.com/xmlbuilder/-/xmlbuilder-4.2.1.tgz#aa58a3041a066f90eaa16c2f5389ff19f3f461a5"
  dependencies:
    lodash "^4.0.0"

zen-observable@^0.8.6:
  version "0.8.9"
  resolved "https://registry.yarnpkg.com/zen-observable/-/zen-observable-0.8.9.tgz#0475c760ff0eda046bbdfa4dc3f95d392807ac53"
